
Microsoft Visual Studio Solution File, Format Version 12.00
# Visual Studio 2013
VisualStudioVersion = 12.0.21005.1
MinimumVisualStudioVersion = 10.0.40219.1
Project("{FAE04EC0-301F-11D3-BF4B-00C04F79EFBC}") = "Incentives", "Incentives\Incentives.csproj", "{C5CDD1C7-BF2E-4088-8E5B-B60766204526}"
EndProject
Project("{FAE04EC0-301F-11D3-BF4B-00C04F79EFBC}") = "Damas.Infrastructure", "Damas.Infrastructure\Damas.Infrastructure.csproj", "{0BA54BA6-1143-419C-A475-8443532F27A8}"
EndProject
Project("{FAE04EC0-301F-11D3-BF4B-00C04F79EFBC}") = "Damas.Reflector", "Damas.Reflector\Damas.Reflector.csproj", "{853AAEA4-0A06-44C7-A040-2928CBD5D56B}"
EndProject
Project("{FAE04EC0-301F-11D3-BF4B-00C04F79EFBC}") = "Damas.Domain", "Damas.Domain\Damas.Domain.csproj", "{1EEFFE29-606A-4CC9-AADF-22907A41EACC}"
EndProject
Project("{FAE04EC0-301F-11D3-BF4B-00C04F79EFBC}") = "Damas.Core", "Damas.Core\Damas.Core.csproj", "{86877E4E-95D8-48E2-B644-887D3F8F3F07}"
EndProject
Project("{FAE04EC0-301F-11D3-BF4B-00C04F79EFBC}") = "Incentive.Entity", "Incentive.Entity\Incentive.Entity.csproj", "{4CCB8487-3B22-4CB0-8EC6-7624D0F4231D}"
EndProject
Project("{FAE04EC0-301F-11D3-BF4B-00C04F79EFBC}") = "Incentive.Mapping", "Incentive.Mapping\Incentive.Mapping.csproj", "{141D871C-DCC1-42FD-873E-9BFF2D7928D0}"
EndProject
Project("{FAE04EC0-301F-11D3-BF4B-00C04F79EFBC}") = "Incentive.Validation", "Incentive.Validation\Incentive.Validation.csproj", "{4D925A30-6667-4EDA-9953-BD60BDCB717E}"
EndProject
Project("{2150E333-8FDC-42A3-9474-1A3956D46DE8}") = ".nuget", ".nuget", "{14B3E68D-E186-4F18-BA57-444A51A6779F}"
	ProjectSection(SolutionItems) = preProject
		.nuget\NuGet.Config = .nuget\NuGet.Config
		.nuget\NuGet.exe = .nuget\NuGet.exe
		.nuget\NuGet.targets = .nuget\NuGet.targets
	EndProjectSection
EndProject
Global
	GlobalSection(SolutionConfigurationPlatforms) = preSolution
		Debug|Any CPU = Debug|Any CPU
		Release|Any CPU = Release|Any CPU
	EndGlobalSection
	GlobalSection(ProjectConfigurationPlatforms) = postSolution
		{C5CDD1C7-BF2E-4088-8E5B-B60766204526}.Debug|Any CPU.ActiveCfg = Debug|Any CPU
		{C5CDD1C7-BF2E-4088-8E5B-B60766204526}.Debug|Any CPU.Build.0 = Debug|Any CPU
		{C5CDD1C7-BF2E-4088-8E5B-B60766204526}.Release|Any CPU.ActiveCfg = Release|Any CPU
		{C5CDD1C7-BF2E-4088-8E5B-B60766204526}.Release|Any CPU.Build.0 = Release|Any CPU
		{0BA54BA6-1143-419C-A475-8443532F27A8}.Debug|Any CPU.ActiveCfg = Debug|Any CPU
		{0BA54BA6-1143-419C-A475-8443532F27A8}.Debug|Any CPU.Build.0 = Debug|Any CPU
		{0BA54BA6-1143-419C-A475-8443532F27A8}.Release|Any CPU.ActiveCfg = Release|Any CPU
		{0BA54BA6-1143-419C-A475-8443532F27A8}.Release|Any CPU.Build.0 = Release|Any CPU
		{853AAEA4-0A06-44C7-A040-2928CBD5D56B}.Debug|Any CPU.ActiveCfg = Debug|Any CPU
		{853AAEA4-0A06-44C7-A040-2928CBD5D56B}.Debug|Any CPU.Build.0 = Debug|Any CPU
		{853AAEA4-0A06-44C7-A040-2928CBD5D56B}.Release|Any CPU.ActiveCfg = Release|Any CPU
		{853AAEA4-0A06-44C7-A040-2928CBD5D56B}.Release|Any CPU.Build.0 = Release|Any CPU
		{1EEFFE29-606A-4CC9-AADF-22907A41EACC}.Debug|Any CPU.ActiveCfg = Debug|Any CPU
		{1EEFFE29-606A-4CC9-AADF-22907A41EACC}.Debug|Any CPU.Build.0 = Debug|Any CPU
		{1EEFFE29-606A-4CC9-AADF-22907A41EACC}.Release|Any CPU.ActiveCfg = Release|Any CPU
		{1EEFFE29-606A-4CC9-AADF-22907A41EACC}.Release|Any CPU.Build.0 = Release|Any CPU
		{86877E4E-95D8-48E2-B644-887D3F8F3F07}.Debug|Any CPU.ActiveCfg = Debug|Any CPU
		{86877E4E-95D8-48E2-B644-887D3F8F3F07}.Debug|Any CPU.Build.0 = Debug|Any CPU
		{86877E4E-95D8-48E2-B644-887D3F8F3F07}.Release|Any CPU.ActiveCfg = Release|Any CPU
		{86877E4E-95D8-48E2-B644-887D3F8F3F07}.Release|Any CPU.Build.0 = Release|Any CPU
		{4CCB8487-3B22-4CB0-8EC6-7624D0F4231D}.Debug|Any CPU.ActiveCfg = Debug|Any CPU
		{4CCB8487-3B22-4CB0-8EC6-7624D0F4231D}.Debug|Any CPU.Build.0 = Debug|Any CPU
		{4CCB8487-3B22-4CB0-8EC6-7624D0F4231D}.Release|Any CPU.ActiveCfg = Release|Any CPU
		{4CCB8487-3B22-4CB0-8EC6-7624D0F4231D}.Release|Any CPU.Build.0 = Release|Any CPU
		{141D871C-DCC1-42FD-873E-9BFF2D7928D0}.Debug|Any CPU.ActiveCfg = Debug|Any CPU
		{141D871C-DCC1-42FD-873E-9BFF2D7928D0}.Debug|Any CPU.Build.0 = Debug|Any CPU
		{141D871C-DCC1-42FD-873E-9BFF2D7928D0}.Release|Any CPU.ActiveCfg = Release|Any CPU
		{141D871C-DCC1-42FD-873E-9BFF2D7928D0}.Release|Any CPU.Build.0 = Release|Any CPU
		{4D925A30-6667-4EDA-9953-BD60BDCB717E}.Debug|Any CPU.ActiveCfg = Debug|Any CPU
		{4D925A30-6667-4EDA-9953-BD60BDCB717E}.Debug|Any CPU.Build.0 = Debug|Any CPU
		{4D925A30-6667-4EDA-9953-BD60BDCB717E}.Release|Any CPU.ActiveCfg = Release|Any CPU
		{4D925A30-6667-4EDA-9953-BD60BDCB717E}.Release|Any CPU.Build.0 = Release|Any CPU
	EndGlobalSection
	GlobalSection(SolutionProperties) = preSolution
		HideSolutionNode = FALSE
	EndGlobalSection
EndGlobal
